
Microsoft Visual Studio Solution File, Format Version 12.00
# Visual Studio Version 17
VisualStudioVersion = 17.2.32526.322
MinimumVisualStudioVersion = 10.0.40219.1
Project("{FAE04EC0-301F-11D3-BF4B-00C04F79EFBC}") = "GarageBand", "GarageBand\GarageBand.csproj", "{79D7DFFC-2173-431D-AE13-CE80FC2D749F}"
EndProject
Global
	GlobalSection(SolutionConfigurationPlatforms) = preSolution
		Debug|Any CPU = Debug|Any CPU
		Release|Any CPU = Release|Any CPU
	EndGlobalSection
	GlobalSection(ProjectConfigurationPlatforms) = postSolution
		{79D7DFFC-2173-431D-AE13-CE80FC2D749F}.Debug|Any CPU.ActiveCfg = Debug|Any CPU
		{79D7DFFC-2173-431D-AE13-CE80FC2D749F}.Debug|Any CPU.Build.0 = Debug|Any CPU
		{79D7DFFC-2173-431D-AE13-CE80FC2D749F}.Release|Any CPU.ActiveCfg = Release|Any CPU
		{79D7DFFC-2173-431D-AE13-CE80FC2D749F}.Release|Any CPU.Build.0 = Release|Any CPU
	EndGlobalSection
	GlobalSection(SolutionProperties) = preSolution
		HideSolutionNode = FALSE
	EndGlobalSection
	GlobalSection(ExtensibilityGlobals) = postSolution
		SolutionGuid = {26D0F2B2-1833-46A3-A960-E078E4D51174}
	EndGlobalSection
EndGlobal
